# THIS IS AN AUTOGENERATED FILE. DO NOT EDIT THIS FILE DIRECTLY.
# yarn lockfile v1


husky@^8.0.0:
  version "8.0.3"
  resolved "https://registry.yarnpkg.com/husky/-/husky-8.0.3.tgz#4936d7212e46d1dea28fef29bb3a108872cd9184"
  integrity sha512-+dQSyqPh4x1hlO1swXBiNb2HzTDN1I2IGLQx1GrBuiqFJfoMrnZWwVmatvSiO+Iz8fBUnf+lekwNo4c2LlXItg==

ttab@^0.8.0:
  version "0.8.0"
  resolved "https://registry.yarnpkg.com/ttab/-/ttab-0.8.0.tgz#59e3b7c1b5bd69eba117e8d75903331925491602"
  integrity sha512-ZsvrLuAJf52Joqo9aiLg1iygGz2l/hC5dKRrQ7W+k0LI7SN6m9bdF5hbpFm7WxEO4xE/pMMjFizd/5fdpNhoTA==
